// !$*UTF8*$!
{
	archiveVersion = 1;
	classes = {
	};
	objectVersion = 46;
	objects = {

/* Begin PBXBuildFile section */
		8FDAF5931E559796001F1AE2 /* main.m in Sources */ = {isa = PBXBuildFile; fileRef = 8FDAF5921E559796001F1AE2 /* main.m */; };
		8FDAF5961E559796001F1AE2 /* AppDelegate.m in Sources */ = {isa = PBXBuildFile; fileRef = 8FDAF5951E559796001F1AE2 /* AppDelegate.m */; };
		8FDAF59C1E559796001F1AE2 /* Main.storyboard in Resources */ = {isa = PBXBuildFile; fileRef = 8FDAF59A1E559796001F1AE2 /* Main.storyboard */; };
		8FDAF59E1E559796001F1AE2 /* Assets.xcassets in Resources */ = {isa = PBXBuildFile; fileRef = 8FDAF59D1E559796001F1AE2 /* Assets.xcassets */; };
		8FDAF5A11E559796001F1AE2 /* LaunchScreen.storyboard in Resources */ = {isa = PBXBuildFile; fileRef = 8FDAF59F1E559796001F1AE2 /* LaunchScreen.storyboard */; };
		8FDAF5AF1E5597F6001F1AE2 /* mainViewController.m in Sources */ = {isa = PBXBuildFile; fileRef = 8FDAF5AE1E5597F6001F1AE2 /* mainViewController.m */; };
/* End PBXBuildFile section */

/* Begin PBXFileReference section */
		8FDAF58E1E559796001F1AE2 /* walker.app */ = {isa = PBXFileReference; explicitFileType = wrapper.application; includeInIndex = 0; path = walker.app; sourceTree = BUILT_PRODUCTS_DIR; };
		8FDAF5921E559796001F1AE2 /* main.m */ = {isa = PBXFileReference; lastKnownFileType = sourcecode.c.objc; path = main.m; sourceTree = "<group>"; };
		8FDAF5941E559796001F1AE2 /* AppDelegate.h */ = {isa = PBXFileReference; lastKnownFileType = sourcecode.c.h; name = AppDelegate.h; path = ../AppDelegate.h; sourceTree = "<group>"; };
		8FDAF5951E559796001F1AE2 /* AppDelegate.m */ = {isa = PBXFileReference; lastKnownFileType = sourcecode.c.objc; name = AppDelegate.m; path = ../AppDelegate.m; sourceTree = "<group>"; };
		8FDAF59B1E559796001F1AE2 /* Base */ = {isa = PBXFileReference; lastKnownFileType = file.storyboard; name = Base; path = Base.lproj/Main.storyboard; sourceTree = "<group>"; };
		8FDAF59D1E559796001F1AE2 /* Assets.xcassets */ = {isa = PBXFileReference; lastKnownFileType = folder.assetcatalog; name = Assets.xcassets; path = ../Assets.xcassets; sourceTree = "<group>"; };
		8FDAF5A01E559796001F1AE2 /* Base */ = {isa = PBXFileReference; lastKnownFileType = file.storyboard; name = Base; path = Base.lproj/LaunchScreen.storyboard; sourceTree = "<group>"; };
		8FDAF5A21E559796001F1AE2 /* Info.plist */ = {isa = PBXFileReference; lastKnownFileType = text.plist.xml; name = Info.plist; path = ../Info.plist; sourceTree = "<group>"; };
		8FDAF5AD1E5597F6001F1AE2 /* mainViewController.h */ = {isa = PBXFileReference; fileEncoding = 4; lastKnownFileType = sourcecode.c.h; path = mainViewController.h; sourceTree = "<group>"; };
		8FDAF5AE1E5597F6001F1AE2 /* mainViewController.m */ = {isa = PBXFileReference; fileEncoding = 4; lastKnownFileType = sourcecode.c.objc; path = mainViewController.m; sourceTree = "<group>"; };
/* End PBXFileReference section */

/* Begin PBXFrameworksBuildPhase section */
		8FDAF58B1E559796001F1AE2 /* Frameworks */ = {
			isa = PBXFrameworksBuildPhase;
			buildActionMask = 2147483647;
			files = (
			);
			runOnlyForDeploymentPostprocessing = 0;
		};
/* End PBXFrameworksBuildPhase section */

/* Begin PBXGroup section */
		8FDAF5851E559796001F1AE2 = {
			isa = PBXGroup;
			children = (
				8FDAF5901E559796001F1AE2 /* walker */,
				8FDAF58F1E559796001F1AE2 /* Products */,
			);
			sourceTree = "<group>";
		};
		8FDAF58F1E559796001F1AE2 /* Products */ = {
			isa = PBXGroup;
			children = (
				8FDAF58E1E559796001F1AE2 /* walker.app */,
			);
			name = Products;
			sourceTree = "<group>";
		};
		8FDAF5901E559796001F1AE2 /* walker */ = {
			isa = PBXGroup;
			children = (
				8FDAF5AB1E5597B5001F1AE2 /* Sources */,
				8FDAF5AA1E5597B5001F1AE2 /* Models */,
				8FDAF5AC1E5597B5001F1AE2 /* Views */,
				8FDAF5A81E5597B5001F1AE2 /* Controllers */,
				8FDAF5A91E5597B5001F1AE2 /* Miscs */,
				8FDAF5911E559796001F1AE2 /* Supporting Files */,
			);
			path = walker;
			sourceTree = "<group>";
		};
		8FDAF5911E559796001F1AE2 /* Supporting Files */ = {
			isa = PBXGroup;
			children = (
				8FDAF5921E559796001F1AE2 /* main.m */,
			);
			name = "Supporting Files";
			sourceTree = "<group>";
		};
		8FDAF5A81E5597B5001F1AE2 /* Controllers */ = {
			isa = PBXGroup;
			children = (
				8FDAF5AD1E5597F6001F1AE2 /* mainViewController.h */,
				8FDAF5AE1E5597F6001F1AE2 /* mainViewController.m */,
			);
			path = Controllers;
			sourceTree = "<group>";
		};
		8FDAF5A91E5597B5001F1AE2 /* Miscs */ = {
			isa = PBXGroup;
			children = (
				8FDAF59D1E559796001F1AE2 /* Assets.xcassets */,
				8FDAF59F1E559796001F1AE2 /* LaunchScreen.storyboard */,
				8FDAF5A21E559796001F1AE2 /* Info.plist */,
			);
			path = Miscs;
			sourceTree = "<group>";
		};
		8FDAF5AA1E5597B5001F1AE2 /* Models */ = {
			isa = PBXGroup;
			children = (
			);
			path = Models;
			sourceTree = "<group>";
		};
		8FDAF5AB1E5597B5001F1AE2 /* Sources */ = {
			isa = PBXGroup;
			children = (
			);
			path = Sources;
			sourceTree = "<group>";
		};
		8FDAF5AC1E5597B5001F1AE2 /* Views */ = {
			isa = PBXGroup;
			children = (
				8FDAF5941E559796001F1AE2 /* AppDelegate.h */,
				8FDAF5951E559796001F1AE2 /* AppDelegate.m */,
				8FDAF59A1E559796001F1AE2 /* Main.storyboard */,
			);
			path = Views;
			sourceTree = "<group>";
		};
/* End PBXGroup section */

/* Begin PBXNativeTarget section */
		8FDAF58D1E559796001F1AE2 /* walker */ = {
			isa = PBXNativeTarget;
			buildConfigurationList = 8FDAF5A51E559796001F1AE2 /* Build configuration list for PBXNativeTarget "walker" */;
			buildPhases = (
				8FDAF58A1E559796001F1AE2 /* Sources */,
				8FDAF58B1E559796001F1AE2 /* Frameworks */,
				8FDAF58C1E559796001F1AE2 /* Resources */,
			);
			buildRules = (
			);
			dependencies = (
			);
			name = walker;
			productName = walker;
			productReference = 8FDAF58E1E559796001F1AE2 /* walker.app */;
			productType = "com.apple.product-type.application";
		};
/* End PBXNativeTarget section */

/* Begin PBXProject section */
		8FDAF5861E559796001F1AE2 /* Project object */ = {
			isa = PBXProject;
			attributes = {
				LastUpgradeCheck = 0810;
				ORGANIZATIONNAME = pengkaifeng;
				TargetAttributes = {
					8FDAF58D1E559796001F1AE2 = {
						CreatedOnToolsVersion = 8.1;
						DevelopmentTeam = CAB83Q94X3;
						ProvisioningStyle = Automatic;
					};
				};
			};
			buildConfigurationList = 8FDAF5891E559796001F1AE2 /* Build configuration list for PBXProject "walker" */;
			compatibilityVersion = "Xcode 3.2";
			developmentRegion = English;
			hasScannedForEncodings = 0;
			knownRegions = (
				en,
				Base,
			);
			mainGroup = 8FDAF5851E559796001F1AE2;
			productRefGroup = 8FDAF58F1E559796001F1AE2 /* Products */;
			projectDirPath = "";
			projectRoot = "";
			targets = (
				8FDAF58D1E559796001F1AE2 /* walker */,
			);
		};
/* End PBXProject section */

/* Begin PBXResourcesBuildPhase section */
		8FDAF58C1E559796001F1AE2 /* Resources */ = {
			isa = PBXResourcesBuildPhase;
			buildActionMask = 2147483647;
			files = (
				8FDAF5A11E559796001F1AE2 /* LaunchScreen.storyboard in Resources */,
				8FDAF59E1E559796001F1AE2 /* Assets.xcassets in Resources */,
				8FDAF59C1E559796001F1AE2 /* Main.storyboard in Resources */,
			);
			runOnlyForDeploymentPostprocessing = 0;
		};
/* End PBXResourcesBuildPhase section */

/* Begin PBXSourcesBuildPhase section */
		8FDAF58A1E559796001F1AE2 /* Sources */ = {
			isa = PBXSourcesBuildPhase;
			buildActionMask = 2147483647;
			files = (
				8FDAF5AF1E5597F6001F1AE2 /* mainViewController.m in Sources */,
				8FDAF5961E559796001F1AE2 /* AppDelegate.m in Sources */,
				8FDAF5931E559796001F1AE2 /* main.m in Sources */,
			);
			runOnlyForDeploymentPostprocessing = 0;
		};
/* End PBXSourcesBuildPhase section */

/* Begin PBXVariantGroup section */
		8FDAF59A1E559796001F1AE2 /* Main.storyboard */ = {
			isa = PBXVariantGroup;
			children = (
				8FDAF59B1E559796001F1AE2 /* Base */,
			);
			name = Main.storyboard;
			path = ..;
			sourceTree = "<group>";
		};
		8FDAF59F1E559796001F1AE2 /* LaunchScreen.storyboard */ = {
			isa = PBXVariantGroup;
			children = (
				8FDAF5A01E559796001F1AE2 /* Base */,
			);
			name = LaunchScreen.storyboard;
			path = ..;
			sourceTree = "<group>";
		};
/* End PBXVariantGroup section */

/* Begin XCBuildConfiguration section */
		8FDAF5A31E559796001F1AE2 /* Debug */ = {
			isa = XCBuildConfiguration;
			buildSettings = {
				ALWAYS_SEARCH_USER_PATHS = NO;
				CLANG_ANALYZER_NONNULL = YES;
				CLANG_CXX_LANGUAGE_STANDARD = "gnu++0x";
				CLANG_CXX_LIBRARY = "libc++";
				CLANG_ENABLE_MODULES = YES;
				CLANG_ENABLE_OBJC_ARC = YES;
				CLANG_WARN_BOOL_CONVERSION = YES;
				CLANG_WARN_CONSTANT_CONVERSION = YES;
				CLANG_WARN_DIRECT_OBJC_ISA_USAGE = YES_ERROR;
				CLANG_WARN_DOCUMENTATION_COMMENTS = YES;
				CLANG_WARN_EMPTY_BODY = YES;
				CLANG_WARN_ENUM_CONVERSION = YES;
				CLANG_WARN_INFINITE_RECURSION = YES;
				CLANG_WARN_INT_CONVERSION = YES;
				CLANG_WARN_OBJC_ROOT_CLASS = YES_ERROR;
				CLANG_WARN_SUSPICIOUS_MOVES = YES;
				CLANG_WARN_UNREACHABLE_CODE = YES;
				CLANG_WARN__DUPLICATE_METHOD_MATCH = YES;
				"CODE_SIGN_IDENTITY[sdk=iphoneos*]" = "iPhone Developer";
				COPY_PHASE_STRIP = NO;
				DEBUG_INFORMATION_FORMAT = dwarf;
				ENABLE_STRICT_OBJC_MSGSEND = YES;
				ENABLE_TESTABILITY = YES;
				GCC_C_LANGUAGE_STANDARD = gnu99;
				GCC_DYNAMIC_NO_PIC = NO;
				GCC_NO_COMMON_BLOCKS = YES;
				GCC_OPTIMIZATION_LEVEL = 0;
				GCC_PREPROCESSOR_DEFINITIONS = (
					"DEBUG=1",
					"$(inherited)",
				);
				GCC_WARN_64_TO_32_BIT_CONVERSION = YES;
				GCC_WARN_ABOUT_RETURN_TYPE = YES_ERROR;
				GCC_WARN_UNDECLARED_SELECTOR = YES;
				GCC_WARN_UNINITIALIZED_AUTOS = YES_AGGRESSIVE;
				GCC_WARN_UNUSED_FUNCTION = YES;
				GCC_WARN_UNUSED_VARIABLE = YES;
				IPHONEOS_DEPLOYMENT_TARGET = 10.1;
				MTL_ENABLE_DEBUG_INFO = YES;
				ONLY_ACTIVE_ARCH = YES;
				SDKROOT = iphoneos;
			};
			name = Debug;
		};
		8FDAF5A41E559796001F1AE2 /* Release */ = {
			isa = XCBuildConfiguration;
			buildSettings = {
				ALWAYS_SEARCH_USER_PATHS = NO;
				CLANG_ANALYZER_NONNULL = YES;
				CLANG_CXX_LANGUAGE_STANDARD = "gnu++0x";
				CLANG_CXX_LIBRARY = "libc++";
				CLANG_ENABLE_MODULES = YES;
				CLANG_ENABLE_OBJC_ARC = YES;
				CLANG_WARN_BOOL_CONVERSION = YES;
				CLANG_WARN_CONSTANT_CONVERSION = YES;
				CLANG_WARN_DIRECT_OBJC_ISA_USAGE = YES_ERROR;
				CLANG_WARN_DOCUMENTATION_COMMENTS = YES;
				CLANG_WARN_EMPTY_BODY = YES;
				CLANG_WARN_ENUM_CONVERSION = YES;
				CLANG_WARN_INFINITE_RECURSION = YES;
				CLANG_WARN_INT_CONVERSION = YES;
				CLANG_WARN_OBJC_ROOT_CLASS = YES_ERROR;
				CLANG_WARN_SUSPICIOUS_MOVES = YES;
				CLANG_WARN_UNREACHABLE_CODE = YES;
				CLANG_WARN__DUPLICATE_METHOD_MATCH = YES;
				"CODE_SIGN_IDENTITY[sdk=iphoneos*]" = "iPhone Developer";
				COPY_PHASE_STRIP = NO;
				DEBUG_INFORMATION_FORMAT = "dwarf-with-dsym";
				ENABLE_NS_ASSERTIONS = NO;
				ENABLE_STRICT_OBJC_MSGSEND = YES;
				GCC_C_LANGUAGE_STANDARD = gnu99;
				GCC_NO_COMMON_BLOCKS = YES;
				GCC_WARN_64_TO_32_BIT_CONVERSION = YES;
				GCC_WARN_ABOUT_RETURN_TYPE = YES_ERROR;
				GCC_WARN_UNDECLARED_SELECTOR = YES;
				GCC_WARN_UNINITIALIZED_AUTOS = YES_AGGRESSIVE;
				GCC_WARN_UNUSED_FUNCTION = YES;
				GCC_WARN_UNUSED_VARIABLE = YES;
				IPHONEOS_DEPLOYMENT_TARGET = 10.1;
				MTL_ENABLE_DEBUG_INFO = NO;
				SDKROOT = iphoneos;
				VALIDATE_PRODUCT = YES;
			};
			name = Release;
		};
		8FDAF5A61E559796001F1AE2 /* Debug */ = {
			isa = XCBuildConfiguration;
			buildSettings = {
				ASSETCATALOG_COMPILER_APPICON_NAME = AppIcon;
				DEVELOPMENT_TEAM = CAB83Q94X3;
				INFOPLIST_FILE = walker/Info.plist;
				LD_RUNPATH_SEARCH_PATHS = "$(inherited) @executable_path/Frameworks";
				PRODUCT_BUNDLE_IDENTIFIER = com.kaifeng.walker;
				PRODUCT_NAME = "$(TARGET_NAME)";
			};
			name = Debug;
		};
		8FDAF5A71E559796001F1AE2 /* Release */ = {
			isa = XCBuildConfiguration;
			buildSettings = {
				ASSETCATALOG_COMPILER_APPICON_NAME = AppIcon;
				DEVELOPMENT_TEAM = CAB83Q94X3;
				INFOPLIST_FILE = walker/Info.plist;
				LD_RUNPATH_SEARCH_PATHS = "$(inherited) @executable_path/Frameworks";
				PRODUCT_BUNDLE_IDENTIFIER = com.kaifeng.walker;
				PRODUCT_NAME = "$(TARGET_NAME)";
			};
			name = Release;
		};
/* End XCBuildConfiguration section */

/* Begin XCConfigurationList section */
		8FDAF5891E559796001F1AE2 /* Build configuration list for PBXProject "walker" */ = {
			isa = XCConfigurationList;
			buildConfigurations = (
				8FDAF5A31E559796001F1AE2 /* Debug */,
				8FDAF5A41E559796001F1AE2 /* Release */,
			);
			defaultConfigurationIsVisible = 0;
			defaultConfigurationName = Release;
		};
		8FDAF5A51E559796001F1AE2 /* Build configuration list for PBXNativeTarget "walker" */ = {
			isa = XCConfigurationList;
			buildConfigurations = (
				8FDAF5A61E559796001F1AE2 /* Debug */,
				8FDAF5A71E559796001F1AE2 /* Release */,
			);
			defaultConfigurationIsVisible = 0;
		};
/* End XCConfigurationList section */
	};
	rootObject = 8FDAF5861E559796001F1AE2 /* Project object */;
}
